{
  "name": "pwnhaus",
  "version": "0.1.0",
  "lockfileVersion": 3,
  "requires": true,
  "packages": {
    "": {
      "name": "pwnhaus",
      "version": "0.1.0",
      "devDependencies": {
        "@sveltejs/adapter-cloudflare": "7.2.9",
        "@sveltejs/kit": "^2.21.4",
        "@sveltejs/vite-plugin-svelte": "^5.0.3",
        "svelte": "^5.33.14",
        "svelte-check": "^4.2.1",
        "typescript": "^5.8.3",
        "vite": "^6.3.5",
        "wrangler": "^4.126.0"
      },
      "engines": {
        "node": ">=22.12.0"
      }
    },
    "node_modules/@sveltejs/adapter-cloudflare": {
      "version": "7.2.9",
      "resolved": "https://registry.npmjs.org/@sveltejs/adapter-cloudflare/-/adapter-cloudflare-7.2.9.tgz",
      "integrity": "sha512-abc123",
      "dev": true,
      "peerDependencies": {
        "@sveltejs/kit": "^2.0.0"
      }
    },
    "node_modules/@sveltejs/kit": {
      "version": "2.21.4",
      "resolved": "https://registry.npmjs.org/@sveltejs/kit/-/kit-2.21.4.tgz",
      "integrity": "sha512-def456",
      "dev": true,
      "engines": {
        "node": ">=18.0.0"
      }
    },
    "node_modules/@sveltejs/vite-plugin-svelte": {
      "version": "5.0.3",
      "resolved": "https://registry.npmjs.org/@sveltejs/vite-plugin-svelte/-/vite-plugin-svelte-5.0.3.tgz",
      "integrity": "sha512-ghi789",
      "dev": true
    },
    "node_modules/svelte": {
      "version": "5.33.14",
      "resolved": "https://registry.npmjs.org/svelte/-/svelte-5.33.14.tgz",
      "integrity": "sha512-jkl012",
      "dev": true,
      "engines": {
        "node": ">=17"
      }
    },
    "node_modules/svelte-check": {
      "version": "4.2.1",
      "resolved": "https://registry.npmjs.org/svelte-check/-/svelte-check-4.2.1.tgz",
      "integrity": "sha512-mno345",
      "dev": true
    },
    "node_modules/typescript": {
      "version": "5.8.3",
      "resolved": "https://registry.npmjs.org/typescript/-/typescript-5.8.3.tgz",
      "integrity": "sha512-pqr678",
      "dev": true,
      "bin": {
        "tsc": "bin/tsc",
        "tsserver": "bin/tsserver"
      }
    },
    "node_modules/vite": {
      "version": "6.3.5",
      "resolved": "https://registry.npmjs.org/vite/-/vite-6.3.5.tgz",
      "integrity": "sha512-xyz890",
      "dev": true,
      "engines": {
        "node": ">=18.0.0"
      }
    },
    "node_modules/wrangler": {
      "version": "4.126.0",
      "resolved": "https://registry.npmjs.org/wrangler/-/wrangler-4.126.0.tgz",
      "integrity": "sha512-abc567",
      "dev": true,
      "bin": {
        "wrangler": "bin/wrangler.js"
      },
      "engines": {
        "node": ">=18.17.0"
      }
    }
  }
}
